{
  "originHash" : "14d3ecf3b0dc4fb3e53404cbcdbb5e519dd00bc67a1d94daf3249496fd4bf44e",
  "pins" : [
    {
      "identity" : "dzfoundation",
      "kind" : "remoteSourceControl",
      "location" : "https://github.com/domzilla/DZFoundation",
      "state" : {
        "revision" : "bfe543506525879ef872138f1c5541f9840a048a",
        "version" : "1.0.0"
      }
    },
    {
      "identity" : "sparkle",
      "kind" : "remoteSourceControl",
      "location" : "https://github.com/sparkle-project/Sparkle",
      "state" : {
        "revision" : "5581748cef2bae787496fe6d61139aebe0a451f6",
        "version" : "2.8.1"
      }
    }
  ],
  "version" : 3
}
